
Microsoft Visual Studio Solution File, Format Version 12.00
# Visual Studio Version 17
VisualStudioVersion = 17.6.33829.357
MinimumVisualStudioVersion = 10.0.40219.1
Project("{FAE04EC0-301F-11D3-BF4B-00C04F79EFBC}") = "Exercise4", "Exercise4\Exercise4.csproj", "{951A1C20-40C7-4819-AA1F-7D747AFCEFAF}"
EndProject
Global
	GlobalSection(SolutionConfigurationPlatforms) = preSolution
		Debug|Any CPU = Debug|Any CPU
		Release|Any CPU = Release|Any CPU
	EndGlobalSection
	GlobalSection(ProjectConfigurationPlatforms) = postSolution
		{951A1C20-40C7-4819-AA1F-7D747AFCEFAF}.Debug|Any CPU.ActiveCfg = Debug|Any CPU
		{951A1C20-40C7-4819-AA1F-7D747AFCEFAF}.Debug|Any CPU.Build.0 = Debug|Any CPU
		{951A1C20-40C7-4819-AA1F-7D747AFCEFAF}.Release|Any CPU.ActiveCfg = Release|Any CPU
		{951A1C20-40C7-4819-AA1F-7D747AFCEFAF}.Release|Any CPU.Build.0 = Release|Any CPU
	EndGlobalSection
	GlobalSection(SolutionProperties) = preSolution
		HideSolutionNode = FALSE
	EndGlobalSection
	GlobalSection(ExtensibilityGlobals) = postSolution
		SolutionGuid = {C546EBFE-364C-4CF3-9E95-EC5D9682DAAF}
	EndGlobalSection
EndGlobal
