
Microsoft Visual Studio Solution File, Format Version 12.00
# Visual Studio Version 17
VisualStudioVersion = 17.6.33829.357
MinimumVisualStudioVersion = 10.0.40219.1
Project("{FAE04EC0-301F-11D3-BF4B-00C04F79EFBC}") = "exercise11", "exercise11\exercise11.csproj", "{02E241F6-5505-474B-8028-9BE8C4C56308}"
EndProject
Global
	GlobalSection(SolutionConfigurationPlatforms) = preSolution
		Debug|Any CPU = Debug|Any CPU
		Release|Any CPU = Release|Any CPU
	EndGlobalSection
	GlobalSection(ProjectConfigurationPlatforms) = postSolution
		{02E241F6-5505-474B-8028-9BE8C4C56308}.Debug|Any CPU.ActiveCfg = Debug|Any CPU
		{02E241F6-5505-474B-8028-9BE8C4C56308}.Debug|Any CPU.Build.0 = Debug|Any CPU
		{02E241F6-5505-474B-8028-9BE8C4C56308}.Release|Any CPU.ActiveCfg = Release|Any CPU
		{02E241F6-5505-474B-8028-9BE8C4C56308}.Release|Any CPU.Build.0 = Release|Any CPU
	EndGlobalSection
	GlobalSection(SolutionProperties) = preSolution
		HideSolutionNode = FALSE
	EndGlobalSection
	GlobalSection(ExtensibilityGlobals) = postSolution
		SolutionGuid = {241FBB9D-809B-4A31-BB66-1222D8C31B4D}
	EndGlobalSection
EndGlobal
